
Microsoft Visual Studio Solution File, Format Version 12.00
# Visual Studio Version 16
VisualStudioVersion = 16.0.30011.22
MinimumVisualStudioVersion = 10.0.40219.1
Project("{9A19103F-16F7-4668-BE54-9A1E7A4F7556}") = "parking", "parking\parking.csproj", "{FA22D596-1DF1-403F-826A-13BDF833B20C}"
EndProject
Project("{9A19103F-16F7-4668-BE54-9A1E7A4F7556}") = "parking.dataAccess", "parking.dataAccess\parking.dataAccess.csproj", "{2EBD98DE-B830-4915-A7CB-49DD9A36DBB1}"
EndProject
Project("{9A19103F-16F7-4668-BE54-9A1E7A4F7556}") = "parking.database", "parking.database\parking.database.csproj", "{9522E54C-66A1-46B3-A6F4-26B11A6CB5ED}"
EndProject
Project("{9A19103F-16F7-4668-BE54-9A1E7A4F7556}") = "parking.types", "parking.types\parking.types.csproj", "{70773773-CCCD-45AB-8A23-73135148F046}"
EndProject
Project("{9A19103F-16F7-4668-BE54-9A1E7A4F7556}") = "parking.utilities", "parking.utilities\parking.utilities.csproj", "{0B6FBF7F-4AA7-49DC-AFF1-C416F7F8C7BC}"
EndProject
Global
	GlobalSection(SolutionConfigurationPlatforms) = preSolution
		Debug|Any CPU = Debug|Any CPU
		Release|Any CPU = Release|Any CPU
	EndGlobalSection
	GlobalSection(ProjectConfigurationPlatforms) = postSolution
		{FA22D596-1DF1-403F-826A-13BDF833B20C}.Debug|Any CPU.ActiveCfg = Debug|Any CPU
		{FA22D596-1DF1-403F-826A-13BDF833B20C}.Debug|Any CPU.Build.0 = Debug|Any CPU
		{FA22D596-1DF1-403F-826A-13BDF833B20C}.Release|Any CPU.ActiveCfg = Release|Any CPU
		{FA22D596-1DF1-403F-826A-13BDF833B20C}.Release|Any CPU.Build.0 = Release|Any CPU
		{2EBD98DE-B830-4915-A7CB-49DD9A36DBB1}.Debug|Any CPU.ActiveCfg = Debug|Any CPU
		{2EBD98DE-B830-4915-A7CB-49DD9A36DBB1}.Debug|Any CPU.Build.0 = Debug|Any CPU
		{2EBD98DE-B830-4915-A7CB-49DD9A36DBB1}.Release|Any CPU.ActiveCfg = Release|Any CPU
		{2EBD98DE-B830-4915-A7CB-49DD9A36DBB1}.Release|Any CPU.Build.0 = Release|Any CPU
		{9522E54C-66A1-46B3-A6F4-26B11A6CB5ED}.Debug|Any CPU.ActiveCfg = Debug|Any CPU
		{9522E54C-66A1-46B3-A6F4-26B11A6CB5ED}.Debug|Any CPU.Build.0 = Debug|Any CPU
		{9522E54C-66A1-46B3-A6F4-26B11A6CB5ED}.Release|Any CPU.ActiveCfg = Release|Any CPU
		{9522E54C-66A1-46B3-A6F4-26B11A6CB5ED}.Release|Any CPU.Build.0 = Release|Any CPU
		{70773773-CCCD-45AB-8A23-73135148F046}.Debug|Any CPU.ActiveCfg = Debug|Any CPU
		{70773773-CCCD-45AB-8A23-73135148F046}.Debug|Any CPU.Build.0 = Debug|Any CPU
		{70773773-CCCD-45AB-8A23-73135148F046}.Release|Any CPU.ActiveCfg = Release|Any CPU
		{70773773-CCCD-45AB-8A23-73135148F046}.Release|Any CPU.Build.0 = Release|Any CPU
		{0B6FBF7F-4AA7-49DC-AFF1-C416F7F8C7BC}.Debug|Any CPU.ActiveCfg = Debug|Any CPU
		{0B6FBF7F-4AA7-49DC-AFF1-C416F7F8C7BC}.Debug|Any CPU.Build.0 = Debug|Any CPU
		{0B6FBF7F-4AA7-49DC-AFF1-C416F7F8C7BC}.Release|Any CPU.ActiveCfg = Release|Any CPU
		{0B6FBF7F-4AA7-49DC-AFF1-C416F7F8C7BC}.Release|Any CPU.Build.0 = Release|Any CPU
	EndGlobalSection
	GlobalSection(SolutionProperties) = preSolution
		HideSolutionNode = FALSE
	EndGlobalSection
	GlobalSection(ExtensibilityGlobals) = postSolution
		SolutionGuid = {53DAB910-F0A0-40CF-85A5-B669D544FC65}
	EndGlobalSection
EndGlobal
